<?xml version="1.0" encoding="utf-8"?>
<Project ToolsVersion="17.0" xmlns="http://schemas.microsoft.com/developer/msbuild/2003">
  <ItemGroup>
    <ClCompile Include="C:\Users\sooky\OneDrive\Desktop\repo\study\cpp-programming\main.cpp">
      <Filter>Source Files</Filter>
    </ClCompile>
  </ItemGroup>
  <ItemGroup>
    <CustomBuild Include="C:\Users\sooky\OneDrive\Desktop\repo\study\cpp-programming\CMakeLists.txt" />
  </ItemGroup>
  <ItemGroup>
    <Filter Include="Source Files">
      <UniqueIdentifier>{FC7B48A0-8E4F-39A4-A659-F26BF0C267F9}</UniqueIdentifier>
    </Filter>
  </ItemGroup>
</Project>
